{
    "_readme": [
        "This file locks the dependencies of your project to a known state",
        "Read more about it at https://getcomposer.org/doc/01-basic-usage.md#installing-dependencies",
        "This file is @generated automatically"
    ],
    "content-hash": "f38f8dcfc7d522dcf5ed9c2b4fd83fa4",
    "packages": [
        {
            "name": "nette/safe-stream",
            "version": "v2.5.0",
            "source": {
                "type": "git",
                "url": "https://github.com/nette/safe-stream.git",
                "reference": "8bbbeda8415b8352642d7566dfa18169d40c2e54"
            },
            "dist": {
                "type": "zip",
                "url": "https://api.github.com/repos/nette/safe-stream/zipball/8bbbeda8415b8352642d7566dfa18169d40c2e54",
                "reference": "8bbbeda8415b8352642d7566dfa18169d40c2e54",
                "shasum": ""
            },
            "require": {
                "php": ">=7.1"
            },
            "require-dev": {
                "nette/tester": "^2.0",
                "phpstan/phpstan": "^0.12",
                "tracy/tracy": "^2.3"
            },
            "type": "library",
            "extra": {
                "branch-alias": {
                    "dev-master": "2.5-dev"
                }
            },
            "autoload": {
                "files": [
                    "src/loader.php"
                ]
            },
            "notification-url": "https://packagist.org/downloads/",
            "license": [
                "BSD-3-Clause",
                "GPL-2.0-only",
                "GPL-3.0-only"
            ],
            "authors": [
                {
                    "name": "David Grudl",
                    "homepage": "https://davidgrudl.com"
                },
                {
                    "name": "Nette Community",
                    "homepage": "https://nette.org/contributors"
                }
            ],
            "description": "Nette SafeStream: provides isolation for thread safe manipulation with files via native PHP functions.",
            "homepage": "https://nette.org",
            "keywords": [
                "atomic",
                "filesystem",
                "isolation",
                "nette",
                "safe",
                "thread safe"
            ],
            "support": {
                "issues": "https://github.com/nette/safe-stream/issues",
                "source": "https://github.com/nette/safe-stream/tree/v2.5.0"
            },
            "time": "2022-01-03T23:13:32+00:00"
        }
    ],
    "packages-dev": [],
    "aliases": [],
    "minimum-stability": "stable",
    "stability-flags": [],
    "prefer-stable": false,
    "prefer-lowest": false,
    "platform": [],
    "platform-dev": [],
    "plugin-api-version": "2.3.0"
}
